
Microsoft Visual Studio Solution File, Format Version 12.00
# Visual Studio Version 17
VisualStudioVersion = 17.11.35327.3
MinimumVisualStudioVersion = 10.0.40219.1
Project("{9A19103F-16F7-4668-BE54-9A1E7A4F7556}") = "ArtNaxiApi", "ArtNaxiApi\ArtNaxiApi.csproj", "{798534E5-4F89-499A-858B-36080C708446}"
EndProject
Project("{9A19103F-16F7-4668-BE54-9A1E7A4F7556}") = "ArtNaxiApiXUnit", "ArtNaxiApiXUnit\ArtNaxiApiXUnit.csproj", "{EF49DD40-7E53-47BF-B896-2031965415FF}"
	ProjectSection(ProjectDependencies) = postProject
		{798534E5-4F89-499A-858B-36080C708446} = {798534E5-4F89-499A-858B-36080C708446}
	EndProjectSection
EndProject
Project("{E53339B2-1760-4266-BCC7-CA923CBCF16C}") = "docker-compose", "docker-compose.dcproj", "{E711D992-424C-4473-968A-EB7C05E00F44}"
EndProject
Global
	GlobalSection(SolutionConfigurationPlatforms) = preSolution
		Debug|Any CPU = Debug|Any CPU
		Release|Any CPU = Release|Any CPU
	EndGlobalSection
	GlobalSection(ProjectConfigurationPlatforms) = postSolution
		{798534E5-4F89-499A-858B-36080C708446}.Debug|Any CPU.ActiveCfg = Debug|Any CPU
		{798534E5-4F89-499A-858B-36080C708446}.Debug|Any CPU.Build.0 = Debug|Any CPU
		{798534E5-4F89-499A-858B-36080C708446}.Release|Any CPU.ActiveCfg = Release|Any CPU
		{798534E5-4F89-499A-858B-36080C708446}.Release|Any CPU.Build.0 = Release|Any CPU
		{EF49DD40-7E53-47BF-B896-2031965415FF}.Debug|Any CPU.ActiveCfg = Debug|Any CPU
		{EF49DD40-7E53-47BF-B896-2031965415FF}.Debug|Any CPU.Build.0 = Debug|Any CPU
		{EF49DD40-7E53-47BF-B896-2031965415FF}.Release|Any CPU.ActiveCfg = Release|Any CPU
		{EF49DD40-7E53-47BF-B896-2031965415FF}.Release|Any CPU.Build.0 = Release|Any CPU
		{E711D992-424C-4473-968A-EB7C05E00F44}.Debug|Any CPU.ActiveCfg = Debug|Any CPU
		{E711D992-424C-4473-968A-EB7C05E00F44}.Debug|Any CPU.Build.0 = Debug|Any CPU
		{E711D992-424C-4473-968A-EB7C05E00F44}.Release|Any CPU.ActiveCfg = Release|Any CPU
		{E711D992-424C-4473-968A-EB7C05E00F44}.Release|Any CPU.Build.0 = Release|Any CPU
	EndGlobalSection
	GlobalSection(SolutionProperties) = preSolution
		HideSolutionNode = FALSE
	EndGlobalSection
	GlobalSection(ExtensibilityGlobals) = postSolution
		SolutionGuid = {E5538794-3EA6-454D-BD28-54ECD2129E5E}
	EndGlobalSection
EndGlobal
